# This file is automatically @generated by Cargo.
# It is not intended for manual editing.
version = 4

[[package]]
name = "goldberg_kernel"
version = "0.2.0"

[[package]]
name = "gos_orb"
version = "0.2.0"
dependencies = [
 "goldberg_kernel",
 "gos_win32",
]

[[package]]
name = "gos_viewer"
version = "0.1.0"
dependencies = [
 "goldberg_kernel",
 "gos_win32",
]

[[package]]
name = "gos_win32"
version = "0.1.0"
